
Microsoft Visual Studio Solution File, Format Version 12.00
# Visual Studio 15
VisualStudioVersion = 15.0.26124.0
MinimumVisualStudioVersion = 15.0.26124.0
Project("{FAE04EC0-301F-11D3-BF4B-00C04F79EFBC}") = "library", "library\library.csproj", "{DD579023-5628-4544-A0F2-018B59A771B7}"
EndProject
Project("{FAE04EC0-301F-11D3-BF4B-00C04F79EFBC}") = "console-app", "console-app\console-app.csproj", "{950E6408-5FC0-42CA-8BAF-1019093D805D}"
EndProject
Global
	GlobalSection(SolutionConfigurationPlatforms) = preSolution
		Debug|Any CPU = Debug|Any CPU
		Debug|x64 = Debug|x64
		Debug|x86 = Debug|x86
		Release|Any CPU = Release|Any CPU
		Release|x64 = Release|x64
		Release|x86 = Release|x86
	EndGlobalSection
	GlobalSection(SolutionProperties) = preSolution
		HideSolutionNode = FALSE
	EndGlobalSection
	GlobalSection(ProjectConfigurationPlatforms) = postSolution
		{DD579023-5628-4544-A0F2-018B59A771B7}.Debug|Any CPU.ActiveCfg = Debug|Any CPU
		{DD579023-5628-4544-A0F2-018B59A771B7}.Debug|Any CPU.Build.0 = Debug|Any CPU
		{DD579023-5628-4544-A0F2-018B59A771B7}.Debug|x64.ActiveCfg = Debug|Any CPU
		{DD579023-5628-4544-A0F2-018B59A771B7}.Debug|x64.Build.0 = Debug|Any CPU
		{DD579023-5628-4544-A0F2-018B59A771B7}.Debug|x86.ActiveCfg = Debug|Any CPU
		{DD579023-5628-4544-A0F2-018B59A771B7}.Debug|x86.Build.0 = Debug|Any CPU
		{DD579023-5628-4544-A0F2-018B59A771B7}.Release|Any CPU.ActiveCfg = Release|Any CPU
		{DD579023-5628-4544-A0F2-018B59A771B7}.Release|Any CPU.Build.0 = Release|Any CPU
		{DD579023-5628-4544-A0F2-018B59A771B7}.Release|x64.ActiveCfg = Release|Any CPU
		{DD579023-5628-4544-A0F2-018B59A771B7}.Release|x64.Build.0 = Release|Any CPU
		{DD579023-5628-4544-A0F2-018B59A771B7}.Release|x86.ActiveCfg = Release|Any CPU
		{DD579023-5628-4544-A0F2-018B59A771B7}.Release|x86.Build.0 = Release|Any CPU
		{950E6408-5FC0-42CA-8BAF-1019093D805D}.Debug|Any CPU.ActiveCfg = Debug|Any CPU
		{950E6408-5FC0-42CA-8BAF-1019093D805D}.Debug|Any CPU.Build.0 = Debug|Any CPU
		{950E6408-5FC0-42CA-8BAF-1019093D805D}.Debug|x64.ActiveCfg = Debug|Any CPU
		{950E6408-5FC0-42CA-8BAF-1019093D805D}.Debug|x64.Build.0 = Debug|Any CPU
		{950E6408-5FC0-42CA-8BAF-1019093D805D}.Debug|x86.ActiveCfg = Debug|Any CPU
		{950E6408-5FC0-42CA-8BAF-1019093D805D}.Debug|x86.Build.0 = Debug|Any CPU
		{950E6408-5FC0-42CA-8BAF-1019093D805D}.Release|Any CPU.ActiveCfg = Release|Any CPU
		{950E6408-5FC0-42CA-8BAF-1019093D805D}.Release|Any CPU.Build.0 = Release|Any CPU
		{950E6408-5FC0-42CA-8BAF-1019093D805D}.Release|x64.ActiveCfg = Release|Any CPU
		{950E6408-5FC0-42CA-8BAF-1019093D805D}.Release|x64.Build.0 = Release|Any CPU
		{950E6408-5FC0-42CA-8BAF-1019093D805D}.Release|x86.ActiveCfg = Release|Any CPU
		{950E6408-5FC0-42CA-8BAF-1019093D805D}.Release|x86.Build.0 = Release|Any CPU
	EndGlobalSection
EndGlobal
